
Microsoft Visual Studio Solution File, Format Version 12.00
# Visual Studio Version 17
VisualStudioVersion = 17.7.34031.279
MinimumVisualStudioVersion = 10.0.40219.1
Project("{FAE04EC0-301F-11D3-BF4B-00C04F79EFBC}") = "Lab3B", "Lab3B\Lab3B.csproj", "{ACBFD531-C882-4AE7-8FCA-F9E9C7DC6696}"
EndProject
Global
	GlobalSection(SolutionConfigurationPlatforms) = preSolution
		Debug|Any CPU = Debug|Any CPU
		Release|Any CPU = Release|Any CPU
	EndGlobalSection
	GlobalSection(ProjectConfigurationPlatforms) = postSolution
		{ACBFD531-C882-4AE7-8FCA-F9E9C7DC6696}.Debug|Any CPU.ActiveCfg = Debug|Any CPU
		{ACBFD531-C882-4AE7-8FCA-F9E9C7DC6696}.Debug|Any CPU.Build.0 = Debug|Any CPU
		{ACBFD531-C882-4AE7-8FCA-F9E9C7DC6696}.Release|Any CPU.ActiveCfg = Release|Any CPU
		{ACBFD531-C882-4AE7-8FCA-F9E9C7DC6696}.Release|Any CPU.Build.0 = Release|Any CPU
	EndGlobalSection
	GlobalSection(SolutionProperties) = preSolution
		HideSolutionNode = FALSE
	EndGlobalSection
	GlobalSection(ExtensibilityGlobals) = postSolution
		SolutionGuid = {AEDEE52F-6609-4B88-94F3-EE29D4F62296}
	EndGlobalSection
EndGlobal
